<?xml version="1.0" encoding="utf-8"?>
<Project ToolsVersion="4.0" xmlns="http://schemas.microsoft.com/developer/msbuild/2003">
  <ItemGroup>
    <Filter Include="리소스 파일">
      <UniqueIdentifier>{67DA6AB6-F800-4c08-8B7A-83BB121AAD01}</UniqueIdentifier>
      <Extensions>rc;ico;cur;bmp;dlg;rc2;rct;bin;rgs;gif;jpg;jpeg;jpe;resx;tiff;tif;png;wav;mfcribbon-ms</Extensions>
    </Filter>
    <Filter Include="main">
      <UniqueIdentifier>{c1cdf4bd-4527-48a0-b716-d8894822628e}</UniqueIdentifier>
    </Filter>
    <Filter Include="Game">
      <UniqueIdentifier>{cc494d0a-15e5-416f-bdc3-3b6b1a4b0dc4}</UniqueIdentifier>
    </Filter>
    <Filter Include="Game\00.Header">
      <UniqueIdentifier>{c15cb9d0-6ddc-4c0e-9bac-eb68c752618b}</UniqueIdentifier>
    </Filter>
    <Filter Include="Game\01.Engine">
      <UniqueIdentifier>{5a201e22-2d26-4a81-bd63-0137a91c5925}</UniqueIdentifier>
    </Filter>
    <Filter Include="Game\02.Manager">
      <UniqueIdentifier>{d120f07b-8656-4de2-b2d6-2f2ace65e0de}</UniqueIdentifier>
    </Filter>
    <Filter Include="Game\03.Scene">
      <UniqueIdentifier>{61472c37-b808-4f65-be38-ce3648057d07}</UniqueIdentifier>
    </Filter>
    <Filter Include="Game\04.Object">
      <UniqueIdentifier>{a9460461-7e6f-4bb2-b2c6-42a37131a071}</UniqueIdentifier>
    </Filter>
    <Filter Include="Game\04.Object\Player">
      <UniqueIdentifier>{e6993902-6e6a-477d-8612-ae9ed0ceae24}</UniqueIdentifier>
    </Filter>
    <Filter Include="Game\03.Scene\01.LOGO">
      <UniqueIdentifier>{2f687a1d-2141-4a78-9487-0fc082329794}</UniqueIdentifier>
    </Filter>
    <Filter Include="Game\03.Scene\02.START">
      <UniqueIdentifier>{70d9b845-2147-43d3-92e9-eb54ef9cdc7e}</UniqueIdentifier>
    </Filter>
    <Filter Include="Game\02.Manager\01.SceneMgr">
      <UniqueIdentifier>{cf3b48b2-6e37-44a3-ab48-2141d9575a49}</UniqueIdentifier>
    </Filter>
    <Filter Include="Game\02.Manager\02.ResMgr">
      <UniqueIdentifier>{9e09b314-bb78-40f9-9625-96834c7a18c8}</UniqueIdentifier>
    </Filter>
    <Filter Include="Game\02.Manager\03.PathMgr">
      <UniqueIdentifier>{dc100918-6c4f-48f8-8cb4-7c629839a601}</UniqueIdentifier>
    </Filter>
    <Filter Include="Game\02.Manager\04.TimeMgr">
      <UniqueIdentifier>{b4c4301f-ed24-4f78-9927-7cc9adc23d40}</UniqueIdentifier>
    </Filter>
    <Filter Include="Game\02.Manager\05.KeyMgr">
      <UniqueIdentifier>{e04f934e-d6be-42fa-aa37-198cc2414ceb}</UniqueIdentifier>
    </Filter>
    <Filter Include="Game\02.Manager\06.SoundMgr">
      <UniqueIdentifier>{4834d15a-a06b-47f9-8c15-182c65d4fece}</UniqueIdentifier>
    </Filter>
    <Filter Include="Game\02.Manager\CollisionMgr">
      <UniqueIdentifier>{f0e7ca84-f032-41fe-94b8-2223f6d6d8f8}</UniqueIdentifier>
    </Filter>
    <Filter Include="Game\04.Object\Missile">
      <UniqueIdentifier>{5499e056-5652-445d-ba11-aa3101db37d2}</UniqueIdentifier>
    </Filter>
  </ItemGroup>
  <ItemGroup>
    <ClInclude Include="framework.h">
      <Filter>main</Filter>
    </ClInclude>
    <ClInclude Include="Resource.h">
      <Filter>main</Filter>
    </ClInclude>
    <ClInclude Include="targetver.h">
      <Filter>main</Filter>
    </ClInclude>
    <ClInclude Include="Win32API_Project.h">
      <Filter>main</Filter>
    </ClInclude>
    <ClInclude Include="CEngine.h">
      <Filter>Game\01.Engine</Filter>
    </ClInclude>
    <ClInclude Include="CObject.h">
      <Filter>Game\04.Object</Filter>
    </ClInclude>
    <ClInclude Include="struct.h">
      <Filter>Game\00.Header</Filter>
    </ClInclude>
    <ClInclude Include="CPlayer.h">
      <Filter>Game\04.Object\Player</Filter>
    </ClInclude>
    <ClInclude Include="stdafx.h">
      <Filter>main</Filter>
    </ClInclude>
    <ClInclude Include="def.h">
      <Filter>Game\00.Header</Filter>
    </ClInclude>
    <ClInclude Include="CScene.h">
      <Filter>Game\03.Scene</Filter>
    </ClInclude>
    <ClInclude Include="CScene_Logo.h">
      <Filter>Game\03.Scene\01.LOGO</Filter>
    </ClInclude>
    <ClInclude Include="CSceneMgr.h">
      <Filter>Game\02.Manager\01.SceneMgr</Filter>
    </ClInclude>
    <ClInclude Include="CTimeMgr.h">
      <Filter>Game\02.Manager\04.TimeMgr</Filter>
    </ClInclude>
    <ClInclude Include="CKeyMgr.h">
      <Filter>Game\02.Manager\05.KeyMgr</Filter>
    </ClInclude>
    <ClInclude Include="CMissile.h">
      <Filter>Game\04.Object\Missile</Filter>
    </ClInclude>
  </ItemGroup>
  <ItemGroup>
    <ResourceCompile Include="Win32API_Project.rc">
      <Filter>리소스 파일</Filter>
    </ResourceCompile>
  </ItemGroup>
  <ItemGroup>
    <Image Include="small.ico">
      <Filter>리소스 파일</Filter>
    </Image>
    <Image Include="Win32API_Project.ico">
      <Filter>리소스 파일</Filter>
    </Image>
  </ItemGroup>
  <ItemGroup>
    <ClCompile Include="main.cpp">
      <Filter>main</Filter>
    </ClCompile>
    <ClCompile Include="CEngine.cpp">
      <Filter>Game\01.Engine</Filter>
    </ClCompile>
    <ClCompile Include="CObject.cpp">
      <Filter>Game\04.Object</Filter>
    </ClCompile>
    <ClCompile Include="CPlayer.cpp">
      <Filter>Game\04.Object\Player</Filter>
    </ClCompile>
    <ClCompile Include="CScene.cpp">
      <Filter>Game\03.Scene</Filter>
    </ClCompile>
    <ClCompile Include="CScene_Logo.cpp">
      <Filter>Game\03.Scene\01.LOGO</Filter>
    </ClCompile>
    <ClCompile Include="CSceneMgr.cpp">
      <Filter>Game\02.Manager\01.SceneMgr</Filter>
    </ClCompile>
    <ClCompile Include="CTimeMgr.cpp">
      <Filter>Game\02.Manager\04.TimeMgr</Filter>
    </ClCompile>
    <ClCompile Include="CKeyMgr.cpp">
      <Filter>Game\02.Manager\05.KeyMgr</Filter>
    </ClCompile>
    <ClCompile Include="CMissile.cpp">
      <Filter>Game\04.Object\Missile</Filter>
    </ClCompile>
  </ItemGroup>
</Project>