<?xml version="1.0" encoding="utf-8"?>
<Project ToolsVersion="4.0" xmlns="http://schemas.microsoft.com/developer/msbuild/2003">
  <ItemGroup>
    <Filter Include="리소스 파일">
      <UniqueIdentifier>{67DA6AB6-F800-4c08-8B7A-83BB121AAD01}</UniqueIdentifier>
      <Extensions>rc;ico;cur;bmp;dlg;rc2;rct;bin;rgs;gif;jpg;jpeg;jpe;resx;tiff;tif;png;wav;mfcribbon-ms</Extensions>
    </Filter>
    <Filter Include="Game">
      <UniqueIdentifier>{cc494d0a-15e5-416f-bdc3-3b6b1a4b0dc4}</UniqueIdentifier>
    </Filter>
    <Filter Include="Game\00.Header">
      <UniqueIdentifier>{c15cb9d0-6ddc-4c0e-9bac-eb68c752618b}</UniqueIdentifier>
    </Filter>
    <Filter Include="Game\01.Engine">
      <UniqueIdentifier>{5a201e22-2d26-4a81-bd63-0137a91c5925}</UniqueIdentifier>
    </Filter>
    <Filter Include="Game\02.Manager">
      <UniqueIdentifier>{d120f07b-8656-4de2-b2d6-2f2ace65e0de}</UniqueIdentifier>
    </Filter>
    <Filter Include="Game\03.Scene">
      <UniqueIdentifier>{61472c37-b808-4f65-be38-ce3648057d07}</UniqueIdentifier>
    </Filter>
    <Filter Include="Game\04.Object">
      <UniqueIdentifier>{a9460461-7e6f-4bb2-b2c6-42a37131a071}</UniqueIdentifier>
    </Filter>
    <Filter Include="Game\04.Object\Player">
      <UniqueIdentifier>{e6993902-6e6a-477d-8612-ae9ed0ceae24}</UniqueIdentifier>
    </Filter>
    <Filter Include="Game\03.Scene\01.LOGO">
      <UniqueIdentifier>{2f687a1d-2141-4a78-9487-0fc082329794}</UniqueIdentifier>
    </Filter>
    <Filter Include="Game\03.Scene\02.START">
      <UniqueIdentifier>{70d9b845-2147-43d3-92e9-eb54ef9cdc7e}</UniqueIdentifier>
    </Filter>
    <Filter Include="Game\02.Manager\01.SceneMgr">
      <UniqueIdentifier>{cf3b48b2-6e37-44a3-ab48-2141d9575a49}</UniqueIdentifier>
    </Filter>
    <Filter Include="Game\02.Manager\02.ResMgr">
      <UniqueIdentifier>{9e09b314-bb78-40f9-9625-96834c7a18c8}</UniqueIdentifier>
    </Filter>
    <Filter Include="Game\02.Manager\03.PathMgr">
      <UniqueIdentifier>{dc100918-6c4f-48f8-8cb4-7c629839a601}</UniqueIdentifier>
    </Filter>
    <Filter Include="Game\02.Manager\04.TimeMgr">
      <UniqueIdentifier>{b4c4301f-ed24-4f78-9927-7cc9adc23d40}</UniqueIdentifier>
    </Filter>
    <Filter Include="Game\02.Manager\05.KeyMgr">
      <UniqueIdentifier>{e04f934e-d6be-42fa-aa37-198cc2414ceb}</UniqueIdentifier>
    </Filter>
    <Filter Include="Game\02.Manager\06.SoundMgr">
      <UniqueIdentifier>{4834d15a-a06b-47f9-8c15-182c65d4fece}</UniqueIdentifier>
    </Filter>
    <Filter Include="Game\04.Object\Missile">
      <UniqueIdentifier>{5499e056-5652-445d-ba11-aa3101db37d2}</UniqueIdentifier>
    </Filter>
    <Filter Include="Game\06.Resource">
      <UniqueIdentifier>{eec262c1-c665-43a2-9914-402c901b707b}</UniqueIdentifier>
    </Filter>
    <Filter Include="Game\06.Resource\Image">
      <UniqueIdentifier>{ca2ee342-33ab-49f8-a021-2a1dc2b6f7b4}</UniqueIdentifier>
    </Filter>
    <Filter Include="Game\06.Resource\Sound">
      <UniqueIdentifier>{c1c249fb-abd6-4a7d-a690-73f05f08f021}</UniqueIdentifier>
    </Filter>
    <Filter Include="Game\05.Component">
      <UniqueIdentifier>{fe438ce4-41ca-454e-a2ea-2f7de1d5a8d1}</UniqueIdentifier>
    </Filter>
    <Filter Include="Game\05.Component\Collider">
      <UniqueIdentifier>{fbfde6da-0be7-47a7-94c4-603e004ec39a}</UniqueIdentifier>
    </Filter>
    <Filter Include="Game\05.Component\Animator">
      <UniqueIdentifier>{8c593852-d535-4459-9c44-7be39363f028}</UniqueIdentifier>
    </Filter>
    <Filter Include="Game\05.Component\Gravity">
      <UniqueIdentifier>{3b6efa9e-34fe-4362-8c17-dfdeed4f76d9}</UniqueIdentifier>
    </Filter>
    <Filter Include="Game\02.Manager\07.CollisionMgr">
      <UniqueIdentifier>{f0e7ca84-f032-41fe-94b8-2223f6d6d8f8}</UniqueIdentifier>
    </Filter>
    <Filter Include="Game\04.Object\Monster">
      <UniqueIdentifier>{12720885-01a5-4dd9-9e84-6009b0f4206a}</UniqueIdentifier>
    </Filter>
    <Filter Include="default">
      <UniqueIdentifier>{c1cdf4bd-4527-48a0-b716-d8894822628e}</UniqueIdentifier>
    </Filter>
    <Filter Include="Game\02.Manager\08.CameraMgr">
      <UniqueIdentifier>{ccc89e12-68fb-45b4-82bb-d5a18bf429b4}</UniqueIdentifier>
    </Filter>
    <Filter Include="Game\02.Manager\09.EventMgr">
      <UniqueIdentifier>{61c454f5-8bda-4f0e-b3d0-6ca4aab1a59b}</UniqueIdentifier>
    </Filter>
    <Filter Include="Game\05.Component\Animator\Animation">
      <UniqueIdentifier>{a9bcb1a3-a592-41da-8480-be680a2ed2ce}</UniqueIdentifier>
    </Filter>
    <Filter Include="Game\04.Object\Missile\GuidedMissile">
      <UniqueIdentifier>{62666008-49a1-444e-b8da-b3a327808dbf}</UniqueIdentifier>
    </Filter>
    <Filter Include="Game\05.Component\RigidBody">
      <UniqueIdentifier>{711c6eea-1946-4086-b68f-2559b4b2e0b9}</UniqueIdentifier>
    </Filter>
    <Filter Include="Game\04.Object\Force">
      <UniqueIdentifier>{05301813-c861-4517-a869-b5af3f6e1e8c}</UniqueIdentifier>
    </Filter>
  </ItemGroup>
  <ItemGroup>
    <ClInclude Include="framework.h">
      <Filter>default</Filter>
    </ClInclude>
    <ClInclude Include="Resource.h">
      <Filter>default</Filter>
    </ClInclude>
    <ClInclude Include="targetver.h">
      <Filter>default</Filter>
    </ClInclude>
    <ClInclude Include="Win32API_Project.h">
      <Filter>default</Filter>
    </ClInclude>
    <ClInclude Include="CEngine.h">
      <Filter>Game\01.Engine</Filter>
    </ClInclude>
    <ClInclude Include="CObject.h">
      <Filter>Game\04.Object</Filter>
    </ClInclude>
    <ClInclude Include="struct.h">
      <Filter>Game\00.Header</Filter>
    </ClInclude>
    <ClInclude Include="CPlayer.h">
      <Filter>Game\04.Object\Player</Filter>
    </ClInclude>
    <ClInclude Include="stdafx.h">
      <Filter>default</Filter>
    </ClInclude>
    <ClInclude Include="def.h">
      <Filter>Game\00.Header</Filter>
    </ClInclude>
    <ClInclude Include="CScene.h">
      <Filter>Game\03.Scene</Filter>
    </ClInclude>
    <ClInclude Include="CScene_Logo.h">
      <Filter>Game\03.Scene\01.LOGO</Filter>
    </ClInclude>
    <ClInclude Include="CSceneMgr.h">
      <Filter>Game\02.Manager\01.SceneMgr</Filter>
    </ClInclude>
    <ClInclude Include="CTimeMgr.h">
      <Filter>Game\02.Manager\04.TimeMgr</Filter>
    </ClInclude>
    <ClInclude Include="CKeyMgr.h">
      <Filter>Game\02.Manager\05.KeyMgr</Filter>
    </ClInclude>
    <ClInclude Include="CMissile.h">
      <Filter>Game\04.Object\Missile</Filter>
    </ClInclude>
    <ClInclude Include="CResMgr.h">
      <Filter>Game\02.Manager\02.ResMgr</Filter>
    </ClInclude>
    <ClInclude Include="CResource.h">
      <Filter>Game\06.Resource</Filter>
    </ClInclude>
    <ClInclude Include="CImage.h">
      <Filter>Game\06.Resource\Image</Filter>
    </ClInclude>
    <ClInclude Include="CPathMgr.h">
      <Filter>Game\02.Manager\03.PathMgr</Filter>
    </ClInclude>
    <ClInclude Include="CComponent.h">
      <Filter>Game\05.Component</Filter>
    </ClInclude>
    <ClInclude Include="CCollider.h">
      <Filter>Game\05.Component\Collider</Filter>
    </ClInclude>
    <ClInclude Include="CAnimator.h">
      <Filter>Game\05.Component\Animator</Filter>
    </ClInclude>
    <ClInclude Include="CCollisionMgr.h">
      <Filter>Game\02.Manager\07.CollisionMgr</Filter>
    </ClInclude>
    <ClInclude Include="CMonster.h">
      <Filter>Game\04.Object\Monster</Filter>
    </ClInclude>
    <ClInclude Include="CEntity.h">
      <Filter>Game</Filter>
    </ClInclude>
    <ClInclude Include="CCameraMgr.h">
      <Filter>Game\02.Manager\08.CameraMgr</Filter>
    </ClInclude>
    <ClInclude Include="CEventMgr.h">
      <Filter>Game\02.Manager\09.EventMgr</Filter>
    </ClInclude>
    <ClInclude Include="func.h">
      <Filter>Game\00.Header</Filter>
    </ClInclude>
    <ClInclude Include="CAnimation.h">
      <Filter>Game\05.Component\Animator\Animation</Filter>
    </ClInclude>
    <ClInclude Include="CGuidedMissile.h">
      <Filter>Game\04.Object\Missile\GuidedMissile</Filter>
    </ClInclude>
    <ClInclude Include="CRigidBody.h">
      <Filter>Game\05.Component\RigidBody</Filter>
    </ClInclude>
    <ClInclude Include="CForce.h">
      <Filter>Game\04.Object\Force</Filter>
    </ClInclude>
  </ItemGroup>
  <ItemGroup>
    <ResourceCompile Include="Win32API_Project.rc">
      <Filter>리소스 파일</Filter>
    </ResourceCompile>
  </ItemGroup>
  <ItemGroup>
    <Image Include="small.ico">
      <Filter>리소스 파일</Filter>
    </Image>
    <Image Include="Win32API_Project.ico">
      <Filter>리소스 파일</Filter>
    </Image>
  </ItemGroup>
  <ItemGroup>
    <ClCompile Include="CEngine.cpp">
      <Filter>Game\01.Engine</Filter>
    </ClCompile>
    <ClCompile Include="CObject.cpp">
      <Filter>Game\04.Object</Filter>
    </ClCompile>
    <ClCompile Include="CPlayer.cpp">
      <Filter>Game\04.Object\Player</Filter>
    </ClCompile>
    <ClCompile Include="CScene.cpp">
      <Filter>Game\03.Scene</Filter>
    </ClCompile>
    <ClCompile Include="CScene_Logo.cpp">
      <Filter>Game\03.Scene\01.LOGO</Filter>
    </ClCompile>
    <ClCompile Include="CSceneMgr.cpp">
      <Filter>Game\02.Manager\01.SceneMgr</Filter>
    </ClCompile>
    <ClCompile Include="CTimeMgr.cpp">
      <Filter>Game\02.Manager\04.TimeMgr</Filter>
    </ClCompile>
    <ClCompile Include="CKeyMgr.cpp">
      <Filter>Game\02.Manager\05.KeyMgr</Filter>
    </ClCompile>
    <ClCompile Include="CMissile.cpp">
      <Filter>Game\04.Object\Missile</Filter>
    </ClCompile>
    <ClCompile Include="CResMgr.cpp">
      <Filter>Game\02.Manager\02.ResMgr</Filter>
    </ClCompile>
    <ClCompile Include="CResource.cpp">
      <Filter>Game\06.Resource</Filter>
    </ClCompile>
    <ClCompile Include="CImage.cpp">
      <Filter>Game\06.Resource\Image</Filter>
    </ClCompile>
    <ClCompile Include="CPathMgr.cpp">
      <Filter>Game\02.Manager\03.PathMgr</Filter>
    </ClCompile>
    <ClCompile Include="CComponent.cpp">
      <Filter>Game\05.Component</Filter>
    </ClCompile>
    <ClCompile Include="CCollider.cpp">
      <Filter>Game\05.Component\Collider</Filter>
    </ClCompile>
    <ClCompile Include="CAnimator.cpp">
      <Filter>Game\05.Component\Animator</Filter>
    </ClCompile>
    <ClCompile Include="CCollisionMgr.cpp">
      <Filter>Game\02.Manager\07.CollisionMgr</Filter>
    </ClCompile>
    <ClCompile Include="CMonster.cpp">
      <Filter>Game\04.Object\Monster</Filter>
    </ClCompile>
    <ClCompile Include="main.cpp" />
    <ClCompile Include="CEntity.cpp">
      <Filter>Game</Filter>
    </ClCompile>
    <ClCompile Include="CCameraMgr.cpp">
      <Filter>Game\02.Manager\08.CameraMgr</Filter>
    </ClCompile>
    <ClCompile Include="CEventMgr.cpp">
      <Filter>Game\02.Manager\09.EventMgr</Filter>
    </ClCompile>
    <ClCompile Include="func.cpp">
      <Filter>Game\00.Header</Filter>
    </ClCompile>
    <ClCompile Include="CAnimation.cpp">
      <Filter>Game\05.Component\Animator\Animation</Filter>
    </ClCompile>
    <ClCompile Include="CGuidedMissile.cpp">
      <Filter>Game\04.Object\Missile\GuidedMissile</Filter>
    </ClCompile>
    <ClCompile Include="CRigidBody.cpp">
      <Filter>Game\05.Component\RigidBody</Filter>
    </ClCompile>
    <ClCompile Include="CForce.cpp">
      <Filter>Game\04.Object\Force</Filter>
    </ClCompile>
  </ItemGroup>
</Project>